
Microsoft Visual Studio Solution File, Format Version 12.00
# Visual Studio Version 16
VisualStudioVersion = 16.0.30804.86
MinimumVisualStudioVersion = 10.0.40219.1
Project("{9A19103F-16F7-4668-BE54-9A1E7A4F7556}") = "DigichList.Backend", "DigichList.Backend\DigichList.Backend.csproj", "{EED97ECC-49D1-4D41-8CAD-93EFEBA9400D}"
EndProject
Project("{9A19103F-16F7-4668-BE54-9A1E7A4F7556}") = "DigichList.Core", "DigichList.Core\DigichList.Core.csproj", "{F8D849A4-B6E4-4B40-9DB7-173BD5673D84}"
EndProject
Project("{9A19103F-16F7-4668-BE54-9A1E7A4F7556}") = "DigichList.Infrastructure", "DigichList.Data\DigichList.Infrastructure.csproj", "{9320FE01-84DD-406D-9066-D9A008FC54B6}"
EndProject
Project("{9A19103F-16F7-4668-BE54-9A1E7A4F7556}") = "DigichList.TelegramNotifications", "DigichList.TelegramNotifications\DigichList.TelegramNotifications.csproj", "{00DD2647-F1DE-4F3C-96FE-C50BD4F17637}"
EndProject
Project("{FAE04EC0-301F-11D3-BF4B-00C04F79EFBC}") = "DigicnList.Backend.Tests", "DigicnList.Backend.Tests\DigicnList.Backend.Tests.csproj", "{FD370B86-84D0-4300-9743-06EE2F782CCF}"
EndProject
Global
	GlobalSection(SolutionConfigurationPlatforms) = preSolution
		Debug|Any CPU = Debug|Any CPU
		Release|Any CPU = Release|Any CPU
	EndGlobalSection
	GlobalSection(ProjectConfigurationPlatforms) = postSolution
		{EED97ECC-49D1-4D41-8CAD-93EFEBA9400D}.Debug|Any CPU.ActiveCfg = Debug|Any CPU
		{EED97ECC-49D1-4D41-8CAD-93EFEBA9400D}.Debug|Any CPU.Build.0 = Debug|Any CPU
		{EED97ECC-49D1-4D41-8CAD-93EFEBA9400D}.Release|Any CPU.ActiveCfg = Release|Any CPU
		{EED97ECC-49D1-4D41-8CAD-93EFEBA9400D}.Release|Any CPU.Build.0 = Release|Any CPU
		{F8D849A4-B6E4-4B40-9DB7-173BD5673D84}.Debug|Any CPU.ActiveCfg = Debug|Any CPU
		{F8D849A4-B6E4-4B40-9DB7-173BD5673D84}.Debug|Any CPU.Build.0 = Debug|Any CPU
		{F8D849A4-B6E4-4B40-9DB7-173BD5673D84}.Release|Any CPU.ActiveCfg = Release|Any CPU
		{F8D849A4-B6E4-4B40-9DB7-173BD5673D84}.Release|Any CPU.Build.0 = Release|Any CPU
		{9320FE01-84DD-406D-9066-D9A008FC54B6}.Debug|Any CPU.ActiveCfg = Debug|Any CPU
		{9320FE01-84DD-406D-9066-D9A008FC54B6}.Debug|Any CPU.Build.0 = Debug|Any CPU
		{9320FE01-84DD-406D-9066-D9A008FC54B6}.Release|Any CPU.ActiveCfg = Release|Any CPU
		{9320FE01-84DD-406D-9066-D9A008FC54B6}.Release|Any CPU.Build.0 = Release|Any CPU
		{00DD2647-F1DE-4F3C-96FE-C50BD4F17637}.Debug|Any CPU.ActiveCfg = Debug|Any CPU
		{00DD2647-F1DE-4F3C-96FE-C50BD4F17637}.Debug|Any CPU.Build.0 = Debug|Any CPU
		{00DD2647-F1DE-4F3C-96FE-C50BD4F17637}.Release|Any CPU.ActiveCfg = Release|Any CPU
		{00DD2647-F1DE-4F3C-96FE-C50BD4F17637}.Release|Any CPU.Build.0 = Release|Any CPU
		{FD370B86-84D0-4300-9743-06EE2F782CCF}.Debug|Any CPU.ActiveCfg = Debug|Any CPU
		{FD370B86-84D0-4300-9743-06EE2F782CCF}.Debug|Any CPU.Build.0 = Debug|Any CPU
		{FD370B86-84D0-4300-9743-06EE2F782CCF}.Release|Any CPU.ActiveCfg = Release|Any CPU
		{FD370B86-84D0-4300-9743-06EE2F782CCF}.Release|Any CPU.Build.0 = Release|Any CPU
	EndGlobalSection
	GlobalSection(SolutionProperties) = preSolution
		HideSolutionNode = FALSE
	EndGlobalSection
	GlobalSection(ExtensibilityGlobals) = postSolution
		SolutionGuid = {F0425E43-1950-4F16-82A3-ECF7D287D1F7}
	EndGlobalSection
EndGlobal
